
Microsoft Visual Studio Solution File, Format Version 11.00
# Visual Studio 2010
Project("{FAE04EC0-301F-11D3-BF4B-00C04F79EFBC}") = "NaboursCRM.UI", "NaboursCRM\NaboursCRM.UI.csproj", "{5695002C-77D3-4328-B856-9CF3580838C7}"
EndProject
Project("{FAE04EC0-301F-11D3-BF4B-00C04F79EFBC}") = "NaboursCRM.DataAccess", "NaboursCRM.DataAccess\NaboursCRM.DataAccess.csproj", "{D37044A0-38D9-4814-8F50-2ACB411089A2}"
EndProject
Project("{FAE04EC0-301F-11D3-BF4B-00C04F79EFBC}") = "NaboursCRM.Model", "NaboursCRM.Model\NaboursCRM.Model.csproj", "{B59FF64A-AB66-45CD-B8B0-EA7E1C6C0F85}"
EndProject
Project("{FAE04EC0-301F-11D3-BF4B-00C04F79EFBC}") = "NaboursCRM.Model.Tests", "NaboursCRM.Model.Tests\NaboursCRM.Model.Tests.csproj", "{87C4E594-8E52-4774-8DF6-1380896CFA53}"
EndProject
Project("{FAE04EC0-301F-11D3-BF4B-00C04F79EFBC}") = "NaboursCRM.DataAccess.Tests", "NaboursCRM.DataAccess.Tests\NaboursCRM.DataAccess.Tests.csproj", "{69412C2D-8125-4B92-A55C-DE8188A5C684}"
EndProject
Project("{FAE04EC0-301F-11D3-BF4B-00C04F79EFBC}") = "NaboursCRM.Service", "NaboursCRM.Service\NaboursCRM.Service.csproj", "{23F7ABF6-8096-4887-BB13-680EC97A1B0D}"
EndProject
Project("{FAE04EC0-301F-11D3-BF4B-00C04F79EFBC}") = "NaboursCRM.Service.Tests", "NaboursCRM.Service.Tests\NaboursCRM.Service.Tests.csproj", "{FE701411-D547-4DCE-854D-A7A836D410DA}"
EndProject
Global
	GlobalSection(SolutionConfigurationPlatforms) = preSolution
		Debug|Any CPU = Debug|Any CPU
		Release|Any CPU = Release|Any CPU
	EndGlobalSection
	GlobalSection(ProjectConfigurationPlatforms) = postSolution
		{5695002C-77D3-4328-B856-9CF3580838C7}.Debug|Any CPU.ActiveCfg = Debug|Any CPU
		{5695002C-77D3-4328-B856-9CF3580838C7}.Debug|Any CPU.Build.0 = Debug|Any CPU
		{5695002C-77D3-4328-B856-9CF3580838C7}.Release|Any CPU.ActiveCfg = Release|Any CPU
		{5695002C-77D3-4328-B856-9CF3580838C7}.Release|Any CPU.Build.0 = Release|Any CPU
		{D37044A0-38D9-4814-8F50-2ACB411089A2}.Debug|Any CPU.ActiveCfg = Debug|Any CPU
		{D37044A0-38D9-4814-8F50-2ACB411089A2}.Debug|Any CPU.Build.0 = Debug|Any CPU
		{D37044A0-38D9-4814-8F50-2ACB411089A2}.Release|Any CPU.ActiveCfg = Release|Any CPU
		{D37044A0-38D9-4814-8F50-2ACB411089A2}.Release|Any CPU.Build.0 = Release|Any CPU
		{B59FF64A-AB66-45CD-B8B0-EA7E1C6C0F85}.Debug|Any CPU.ActiveCfg = Debug|Any CPU
		{B59FF64A-AB66-45CD-B8B0-EA7E1C6C0F85}.Debug|Any CPU.Build.0 = Debug|Any CPU
		{B59FF64A-AB66-45CD-B8B0-EA7E1C6C0F85}.Release|Any CPU.ActiveCfg = Release|Any CPU
		{B59FF64A-AB66-45CD-B8B0-EA7E1C6C0F85}.Release|Any CPU.Build.0 = Release|Any CPU
		{87C4E594-8E52-4774-8DF6-1380896CFA53}.Debug|Any CPU.ActiveCfg = Debug|Any CPU
		{87C4E594-8E52-4774-8DF6-1380896CFA53}.Debug|Any CPU.Build.0 = Debug|Any CPU
		{87C4E594-8E52-4774-8DF6-1380896CFA53}.Release|Any CPU.ActiveCfg = Release|Any CPU
		{87C4E594-8E52-4774-8DF6-1380896CFA53}.Release|Any CPU.Build.0 = Release|Any CPU
		{69412C2D-8125-4B92-A55C-DE8188A5C684}.Debug|Any CPU.ActiveCfg = Debug|Any CPU
		{69412C2D-8125-4B92-A55C-DE8188A5C684}.Debug|Any CPU.Build.0 = Debug|Any CPU
		{69412C2D-8125-4B92-A55C-DE8188A5C684}.Release|Any CPU.ActiveCfg = Release|Any CPU
		{69412C2D-8125-4B92-A55C-DE8188A5C684}.Release|Any CPU.Build.0 = Release|Any CPU
		{23F7ABF6-8096-4887-BB13-680EC97A1B0D}.Debug|Any CPU.ActiveCfg = Debug|Any CPU
		{23F7ABF6-8096-4887-BB13-680EC97A1B0D}.Debug|Any CPU.Build.0 = Debug|Any CPU
		{23F7ABF6-8096-4887-BB13-680EC97A1B0D}.Release|Any CPU.ActiveCfg = Release|Any CPU
		{23F7ABF6-8096-4887-BB13-680EC97A1B0D}.Release|Any CPU.Build.0 = Release|Any CPU
		{FE701411-D547-4DCE-854D-A7A836D410DA}.Debug|Any CPU.ActiveCfg = Debug|Any CPU
		{FE701411-D547-4DCE-854D-A7A836D410DA}.Debug|Any CPU.Build.0 = Debug|Any CPU
		{FE701411-D547-4DCE-854D-A7A836D410DA}.Release|Any CPU.ActiveCfg = Release|Any CPU
		{FE701411-D547-4DCE-854D-A7A836D410DA}.Release|Any CPU.Build.0 = Release|Any CPU
	EndGlobalSection
	GlobalSection(SolutionProperties) = preSolution
		HideSolutionNode = FALSE
	EndGlobalSection
EndGlobal
